Microsoft Visual Studio Solution File, Format Version 12.00
# Visual Studio Version 17
VisualStudioVersion = 17.5.2.0
MinimumVisualStudioVersion = 10.0.40219.1
Project("{FAE04EC0-301F-11D3-BF4B-00C04F79EFBC}") = "trainingCapgemeni", "trainingCapgemeni.csproj", "{27A3A402-5E30-993E-96AE-CB0DE03628DC}"
EndProject
Project("{FAE04EC0-301F-11D3-BF4B-00C04F79EFBC}") = "Day2DemoConsole", "Day2DemoConsole\Day2DemoConsole.csproj", "{4A131321-0576-8D1B-7D40-575DC13B245C}"
EndProject
Project("{FAE04EC0-301F-11D3-BF4B-00C04F79EFBC}") = "LooslyCoupled", "LooslyCoupled\LooslyCoupled.csproj", "{C0FA1E82-3995-981B-4960-097CC5C99F12}"
EndProject
Global
	GlobalSection(SolutionConfigurationPlatforms) = preSolution
		Debug|Any CPU = Debug|Any CPU
		Release|Any CPU = Release|Any CPU
	EndGlobalSection
	GlobalSection(ProjectConfigurationPlatforms) = postSolution
		{27A3A402-5E30-993E-96AE-CB0DE03628DC}.Debug|Any CPU.ActiveCfg = Debug|Any CPU
		{27A3A402-5E30-993E-96AE-CB0DE03628DC}.Debug|Any CPU.Build.0 = Debug|Any CPU
		{27A3A402-5E30-993E-96AE-CB0DE03628DC}.Release|Any CPU.ActiveCfg = Release|Any CPU
		{27A3A402-5E30-993E-96AE-CB0DE03628DC}.Release|Any CPU.Build.0 = Release|Any CPU
		{4A131321-0576-8D1B-7D40-575DC13B245C}.Debug|Any CPU.ActiveCfg = Debug|Any CPU
		{4A131321-0576-8D1B-7D40-575DC13B245C}.Debug|Any CPU.Build.0 = Debug|Any CPU
		{4A131321-0576-8D1B-7D40-575DC13B245C}.Release|Any CPU.ActiveCfg = Release|Any CPU
		{4A131321-0576-8D1B-7D40-575DC13B245C}.Release|Any CPU.Build.0 = Release|Any CPU
		{C0FA1E82-3995-981B-4960-097CC5C99F12}.Debug|Any CPU.ActiveCfg = Debug|Any CPU
		{C0FA1E82-3995-981B-4960-097CC5C99F12}.Debug|Any CPU.Build.0 = Debug|Any CPU
		{C0FA1E82-3995-981B-4960-097CC5C99F12}.Release|Any CPU.ActiveCfg = Release|Any CPU
		{C0FA1E82-3995-981B-4960-097CC5C99F12}.Release|Any CPU.Build.0 = Release|Any CPU
	EndGlobalSection
	GlobalSection(SolutionProperties) = preSolution
		HideSolutionNode = FALSE
	EndGlobalSection
	GlobalSection(ExtensibilityGlobals) = postSolution
		SolutionGuid = {3D211B12-605F-4F52-9F79-8EB684808659}
	EndGlobalSection
EndGlobal
