
Microsoft Visual Studio Solution File, Format Version 12.00
# Visual Studio Version 18
VisualStudioVersion = 18.3.11520.95 d18.3
MinimumVisualStudioVersion = 10.0.40219.1
Project("{FAE04EC0-301F-11D3-BF4B-00C04F79EFBC}") = "EFCoreMVCDemo", "EFCoreMVCDemo.csproj", "{C54E100B-113A-DCD0-941F-08001C027E0C}"
EndProject
Global
	GlobalSection(SolutionConfigurationPlatforms) = preSolution
		Debug|Any CPU = Debug|Any CPU
		Release|Any CPU = Release|Any CPU
	EndGlobalSection
	GlobalSection(ProjectConfigurationPlatforms) = postSolution
		{C54E100B-113A-DCD0-941F-08001C027E0C}.Debug|Any CPU.ActiveCfg = Debug|Any CPU
		{C54E100B-113A-DCD0-941F-08001C027E0C}.Debug|Any CPU.Build.0 = Debug|Any CPU
		{C54E100B-113A-DCD0-941F-08001C027E0C}.Release|Any CPU.ActiveCfg = Release|Any CPU
		{C54E100B-113A-DCD0-941F-08001C027E0C}.Release|Any CPU.Build.0 = Release|Any CPU
	EndGlobalSection
	GlobalSection(SolutionProperties) = preSolution
		HideSolutionNode = FALSE
	EndGlobalSection
	GlobalSection(ExtensibilityGlobals) = postSolution
		SolutionGuid = {50B4B112-7B71-4808-AFB2-0CA4C2C5E89D}
	EndGlobalSection
EndGlobal
