<Solution>
  <Project Path="E:/disk d/fullStack/trainingCapgemeni/ADO.NET/ConArchDemo/ConArchDemo.csproj" Id="14a58916-c3a0-400b-8480-ad2402438b57" />
  <Project Path="E:/disk d/fullStack/trainingCapgemeni/ADO.NET/Con_LingToSql_Demo/Con_LingToSql_Demo.csproj" Id="37e72e7e-5d53-4cef-86ff-a9145ee0b37a" />
  <Project Path="E:/disk d/fullStack/trainingCapgemeni/ADO.NET/WinDisconArchDemo/WinDisconArchDemo.csproj" Id="191d4b75-2bab-40c7-8c5d-be8e918a5ad9" />
  <Project Path="EmployeeManagementSystem/EmployeeManagementSystem.csproj" Id="c01ede8d-96bf-4c4c-8d25-0ffdb107057c" />
</Solution>
